
Microsoft Visual Studio Solution File, Format Version 12.00
# Visual Studio Version 16
VisualStudioVersion = 16.0.31613.86
MinimumVisualStudioVersion = 10.0.40219.1
Project("{FAE04EC0-301F-11D3-BF4B-00C04F79EFBC}") = "Tema proiect", "Tema proiect\Tema proiect.csproj", "{6B0C0235-6741-4A2B-8D2B-0BA90DCBFB3A}"
EndProject
Global
	GlobalSection(SolutionConfigurationPlatforms) = preSolution
		Debug|Any CPU = Debug|Any CPU
		Release|Any CPU = Release|Any CPU
	EndGlobalSection
	GlobalSection(ProjectConfigurationPlatforms) = postSolution
		{6B0C0235-6741-4A2B-8D2B-0BA90DCBFB3A}.Debug|Any CPU.ActiveCfg = Debug|Any CPU
		{6B0C0235-6741-4A2B-8D2B-0BA90DCBFB3A}.Debug|Any CPU.Build.0 = Debug|Any CPU
		{6B0C0235-6741-4A2B-8D2B-0BA90DCBFB3A}.Release|Any CPU.ActiveCfg = Release|Any CPU
		{6B0C0235-6741-4A2B-8D2B-0BA90DCBFB3A}.Release|Any CPU.Build.0 = Release|Any CPU
	EndGlobalSection
	GlobalSection(SolutionProperties) = preSolution
		HideSolutionNode = FALSE
	EndGlobalSection
	GlobalSection(ExtensibilityGlobals) = postSolution
		SolutionGuid = {077E7DBC-7AFA-4E95-A785-809E235DF993}
	EndGlobalSection
EndGlobal
